
Microsoft Visual Studio Solution File, Format Version 12.00
# Visual Studio 15
VisualStudioVersion = 15.0.28307.102
MinimumVisualStudioVersion = 10.0.40219.1
Project("{FAE04EC0-301F-11D3-BF4B-00C04F79EFBC}") = "EPSSharedLogic", "EPSSharedLogic\EPSSharedLogic.csproj", "{3FFB68BE-36CE-438F-892D-45EDD9A7202C}"
EndProject
Project("{FAE04EC0-301F-11D3-BF4B-00C04F79EFBC}") = "EPSMachinesFrameWork", "EPSMachinesFrameWork\EPSMachinesFrameWork.csproj", "{B306849D-5543-4791-8D97-9C5FBB62EDA7}"
EndProject
Project("{FAE04EC0-301F-11D3-BF4B-00C04F79EFBC}") = "EPSFloorStructure", "EPSFloorStructure\EPSFloorStructure.csproj", "{16490EAB-6E52-4C1C-B1F6-ADE4106D673F}"
EndProject
Project("{FAE04EC0-301F-11D3-BF4B-00C04F79EFBC}") = "EPSAssembleGarage", "EPSAssembleGarage\EPSAssembleGarage.csproj", "{29AEDE63-DDEF-4BDC-B37D-84C0CA0E8FF4}"
EndProject
Project("{FAE04EC0-301F-11D3-BF4B-00C04F79EFBC}") = "EPSTestProject", "EPSTestProject\EPSTestProject.csproj", "{5779159A-56F6-4452-8E4D-A66557C4D060}"
EndProject
Global
	GlobalSection(SolutionConfigurationPlatforms) = preSolution
		Debug|Any CPU = Debug|Any CPU
		Release|Any CPU = Release|Any CPU
	EndGlobalSection
	GlobalSection(ProjectConfigurationPlatforms) = postSolution
		{3FFB68BE-36CE-438F-892D-45EDD9A7202C}.Debug|Any CPU.ActiveCfg = Debug|Any CPU
		{3FFB68BE-36CE-438F-892D-45EDD9A7202C}.Debug|Any CPU.Build.0 = Debug|Any CPU
		{3FFB68BE-36CE-438F-892D-45EDD9A7202C}.Release|Any CPU.ActiveCfg = Release|Any CPU
		{3FFB68BE-36CE-438F-892D-45EDD9A7202C}.Release|Any CPU.Build.0 = Release|Any CPU
		{B306849D-5543-4791-8D97-9C5FBB62EDA7}.Debug|Any CPU.ActiveCfg = Debug|Any CPU
		{B306849D-5543-4791-8D97-9C5FBB62EDA7}.Debug|Any CPU.Build.0 = Debug|Any CPU
		{B306849D-5543-4791-8D97-9C5FBB62EDA7}.Release|Any CPU.ActiveCfg = Release|Any CPU
		{B306849D-5543-4791-8D97-9C5FBB62EDA7}.Release|Any CPU.Build.0 = Release|Any CPU
		{16490EAB-6E52-4C1C-B1F6-ADE4106D673F}.Debug|Any CPU.ActiveCfg = Debug|Any CPU
		{16490EAB-6E52-4C1C-B1F6-ADE4106D673F}.Debug|Any CPU.Build.0 = Debug|Any CPU
		{16490EAB-6E52-4C1C-B1F6-ADE4106D673F}.Release|Any CPU.ActiveCfg = Release|Any CPU
		{16490EAB-6E52-4C1C-B1F6-ADE4106D673F}.Release|Any CPU.Build.0 = Release|Any CPU
		{29AEDE63-DDEF-4BDC-B37D-84C0CA0E8FF4}.Debug|Any CPU.ActiveCfg = Debug|Any CPU
		{29AEDE63-DDEF-4BDC-B37D-84C0CA0E8FF4}.Debug|Any CPU.Build.0 = Debug|Any CPU
		{29AEDE63-DDEF-4BDC-B37D-84C0CA0E8FF4}.Release|Any CPU.ActiveCfg = Release|Any CPU
		{29AEDE63-DDEF-4BDC-B37D-84C0CA0E8FF4}.Release|Any CPU.Build.0 = Release|Any CPU
		{5779159A-56F6-4452-8E4D-A66557C4D060}.Debug|Any CPU.ActiveCfg = Debug|Any CPU
		{5779159A-56F6-4452-8E4D-A66557C4D060}.Debug|Any CPU.Build.0 = Debug|Any CPU
		{5779159A-56F6-4452-8E4D-A66557C4D060}.Release|Any CPU.ActiveCfg = Release|Any CPU
		{5779159A-56F6-4452-8E4D-A66557C4D060}.Release|Any CPU.Build.0 = Release|Any CPU
	EndGlobalSection
	GlobalSection(SolutionProperties) = preSolution
		HideSolutionNode = FALSE
	EndGlobalSection
	GlobalSection(ExtensibilityGlobals) = postSolution
		SolutionGuid = {A53475B7-BA23-4281-B18D-2615630AC0BE}
	EndGlobalSection
EndGlobal
